
Microsoft Visual Studio Solution File, Format Version 12.00
# Visual Studio Version 17
VisualStudioVersion = 17.5.002.0
MinimumVisualStudioVersion = 10.0.40219.1
Project("{9A19103F-16F7-4668-BE54-9A1E7A4F7556}") = "simple-arithmetic-Alex-tech-center", "simple-arithmetic-Alex-tech-center.csproj", "{D162F145-A570-4133-9708-2FF1D801262A}"
EndProject
Global
	GlobalSection(SolutionConfigurationPlatforms) = preSolution
		Debug|Any CPU = Debug|Any CPU
		Release|Any CPU = Release|Any CPU
	EndGlobalSection
	GlobalSection(ProjectConfigurationPlatforms) = postSolution
		{D162F145-A570-4133-9708-2FF1D801262A}.Debug|Any CPU.ActiveCfg = Debug|Any CPU
		{D162F145-A570-4133-9708-2FF1D801262A}.Debug|Any CPU.Build.0 = Debug|Any CPU
		{D162F145-A570-4133-9708-2FF1D801262A}.Release|Any CPU.ActiveCfg = Release|Any CPU
		{D162F145-A570-4133-9708-2FF1D801262A}.Release|Any CPU.Build.0 = Release|Any CPU
	EndGlobalSection
	GlobalSection(SolutionProperties) = preSolution
		HideSolutionNode = FALSE
	EndGlobalSection
	GlobalSection(ExtensibilityGlobals) = postSolution
		SolutionGuid = {3C615FBA-3246-4CC7-A152-BF9A3834B02D}
	EndGlobalSection
EndGlobal
